
Microsoft Visual Studio Solution File, Format Version 12.00
# Visual Studio Version 17
VisualStudioVersion = 17.0.32014.148
MinimumVisualStudioVersion = 10.0.40219.1
Project("{9A19103F-16F7-4668-BE54-9A1E7A4F7556}") = "Banana", "Banana\Banana.csproj", "{5859CB3A-D605-4904-B637-4F6EDF8BE615}"
EndProject
Project("{9A19103F-16F7-4668-BE54-9A1E7A4F7556}") = "Banana.Core", "Banana.Core\Banana.Core.csproj", "{589D3020-F973-4189-8294-C6CE3DB7E7F9}"
EndProject
Global
	GlobalSection(SolutionConfigurationPlatforms) = preSolution
		Debug|Any CPU = Debug|Any CPU
		Release|Any CPU = Release|Any CPU
	EndGlobalSection
	GlobalSection(ProjectConfigurationPlatforms) = postSolution
		{5859CB3A-D605-4904-B637-4F6EDF8BE615}.Debug|Any CPU.ActiveCfg = Debug|Any CPU
		{5859CB3A-D605-4904-B637-4F6EDF8BE615}.Debug|Any CPU.Build.0 = Debug|Any CPU
		{5859CB3A-D605-4904-B637-4F6EDF8BE615}.Release|Any CPU.ActiveCfg = Release|Any CPU
		{5859CB3A-D605-4904-B637-4F6EDF8BE615}.Release|Any CPU.Build.0 = Release|Any CPU
		{589D3020-F973-4189-8294-C6CE3DB7E7F9}.Debug|Any CPU.ActiveCfg = Debug|Any CPU
		{589D3020-F973-4189-8294-C6CE3DB7E7F9}.Debug|Any CPU.Build.0 = Debug|Any CPU
		{589D3020-F973-4189-8294-C6CE3DB7E7F9}.Release|Any CPU.ActiveCfg = Release|Any CPU
		{589D3020-F973-4189-8294-C6CE3DB7E7F9}.Release|Any CPU.Build.0 = Release|Any CPU
	EndGlobalSection
	GlobalSection(SolutionProperties) = preSolution
		HideSolutionNode = FALSE
	EndGlobalSection
	GlobalSection(ExtensibilityGlobals) = postSolution
		SolutionGuid = {5A8535B0-DAC4-4971-937F-3506E1CCB0E5}
	EndGlobalSection
EndGlobal
