
Microsoft Visual Studio Solution File, Format Version 12.00
# Visual Studio Version 17
VisualStudioVersion = 17.0.32014.148
MinimumVisualStudioVersion = 10.0.40219.1
Project("{FAE04EC0-301F-11D3-BF4B-00C04F79EFBC}") = "Banana.Repository", "Banana.Repository\Banana.Repository.csproj", "{30AF76CF-D5F6-4350-BF45-6EF70CF259B4}"
EndProject
Project("{FAE04EC0-301F-11D3-BF4B-00C04F79EFBC}") = "Banana.Extension.MySql", "Banana.Extension.MySql\Banana.Extension.MySql.csproj", "{852A5794-87FB-4D45-A14F-CE875233B58F}"
EndProject
Project("{FAE04EC0-301F-11D3-BF4B-00C04F79EFBC}") = "Banana.Extension.SqlServer", "Banana.Extension.SqlServer\Banana.Extension.SqlServer.csproj", "{5A17A9CD-6315-4353-AEF9-4F7447BDE883}"
EndProject
Project("{FAE04EC0-301F-11D3-BF4B-00C04F79EFBC}") = "Banana.Tests", "Banana.Tests\Banana.Tests.csproj", "{693AA8DF-937F-44A4-8492-1492C781E258}"
EndProject
Project("{9A19103F-16F7-4668-BE54-9A1E7A4F7556}") = "Banana", "Banana\Banana.csproj", "{91BB8243-8C63-4689-AD7B-899C2613D38E}"
EndProject
Global
	GlobalSection(SolutionConfigurationPlatforms) = preSolution
		Debug|Any CPU = Debug|Any CPU
		Release|Any CPU = Release|Any CPU
	EndGlobalSection
	GlobalSection(ProjectConfigurationPlatforms) = postSolution
		{30AF76CF-D5F6-4350-BF45-6EF70CF259B4}.Debug|Any CPU.ActiveCfg = Debug|Any CPU
		{30AF76CF-D5F6-4350-BF45-6EF70CF259B4}.Debug|Any CPU.Build.0 = Debug|Any CPU
		{30AF76CF-D5F6-4350-BF45-6EF70CF259B4}.Release|Any CPU.ActiveCfg = Release|Any CPU
		{30AF76CF-D5F6-4350-BF45-6EF70CF259B4}.Release|Any CPU.Build.0 = Release|Any CPU
		{852A5794-87FB-4D45-A14F-CE875233B58F}.Debug|Any CPU.ActiveCfg = Debug|Any CPU
		{852A5794-87FB-4D45-A14F-CE875233B58F}.Debug|Any CPU.Build.0 = Debug|Any CPU
		{852A5794-87FB-4D45-A14F-CE875233B58F}.Release|Any CPU.ActiveCfg = Release|Any CPU
		{852A5794-87FB-4D45-A14F-CE875233B58F}.Release|Any CPU.Build.0 = Release|Any CPU
		{5A17A9CD-6315-4353-AEF9-4F7447BDE883}.Debug|Any CPU.ActiveCfg = Debug|Any CPU
		{5A17A9CD-6315-4353-AEF9-4F7447BDE883}.Debug|Any CPU.Build.0 = Debug|Any CPU
		{5A17A9CD-6315-4353-AEF9-4F7447BDE883}.Release|Any CPU.ActiveCfg = Release|Any CPU
		{5A17A9CD-6315-4353-AEF9-4F7447BDE883}.Release|Any CPU.Build.0 = Release|Any CPU
		{693AA8DF-937F-44A4-8492-1492C781E258}.Debug|Any CPU.ActiveCfg = Debug|Any CPU
		{693AA8DF-937F-44A4-8492-1492C781E258}.Debug|Any CPU.Build.0 = Debug|Any CPU
		{693AA8DF-937F-44A4-8492-1492C781E258}.Release|Any CPU.ActiveCfg = Release|Any CPU
		{693AA8DF-937F-44A4-8492-1492C781E258}.Release|Any CPU.Build.0 = Release|Any CPU
		{91BB8243-8C63-4689-AD7B-899C2613D38E}.Debug|Any CPU.ActiveCfg = Debug|Any CPU
		{91BB8243-8C63-4689-AD7B-899C2613D38E}.Debug|Any CPU.Build.0 = Debug|Any CPU
		{91BB8243-8C63-4689-AD7B-899C2613D38E}.Release|Any CPU.ActiveCfg = Release|Any CPU
		{91BB8243-8C63-4689-AD7B-899C2613D38E}.Release|Any CPU.Build.0 = Release|Any CPU
	EndGlobalSection
	GlobalSection(SolutionProperties) = preSolution
		HideSolutionNode = FALSE
	EndGlobalSection
	GlobalSection(ExtensibilityGlobals) = postSolution
		SolutionGuid = {5A8535B0-DAC4-4971-937F-3506E1CCB0E5}
	EndGlobalSection
EndGlobal
